
Microsoft Visual Studio Solution File, Format Version 12.00
# Visual Studio Version 16
VisualStudioVersion = 16.0.30804.86
MinimumVisualStudioVersion = 10.0.40219.1
Project("{FAE04EC0-301F-11D3-BF4B-00C04F79EFBC}") = "OpenIddictTestBlazor.Server", "OpenIddictTestBlazor\Server\OpenIddictTestBlazor.Server.csproj", "{E8FA79FE-F755-43E6-BAAC-B88579DE5C99}"
EndProject
Project("{FAE04EC0-301F-11D3-BF4B-00C04F79EFBC}") = "OpenIddictTestBlazor.Client", "OpenIddictTestBlazor\Client\OpenIddictTestBlazor.Client.csproj", "{A6E3EC7D-1880-473B-B90E-3E0791DDEFC8}"
EndProject
Project("{FAE04EC0-301F-11D3-BF4B-00C04F79EFBC}") = "OpenIddictTestBlazor.Shared", "OpenIddictTestBlazor\Shared\OpenIddictTestBlazor.Shared.csproj", "{BF025BB8-F476-4DCB-A256-0FD823DDCD28}"
EndProject
Global
	GlobalSection(SolutionConfigurationPlatforms) = preSolution
		Debug|Any CPU = Debug|Any CPU
		Release|Any CPU = Release|Any CPU
	EndGlobalSection
	GlobalSection(ProjectConfigurationPlatforms) = postSolution
		{E8FA79FE-F755-43E6-BAAC-B88579DE5C99}.Debug|Any CPU.ActiveCfg = Debug|Any CPU
		{E8FA79FE-F755-43E6-BAAC-B88579DE5C99}.Debug|Any CPU.Build.0 = Debug|Any CPU
		{E8FA79FE-F755-43E6-BAAC-B88579DE5C99}.Release|Any CPU.ActiveCfg = Release|Any CPU
		{E8FA79FE-F755-43E6-BAAC-B88579DE5C99}.Release|Any CPU.Build.0 = Release|Any CPU
		{A6E3EC7D-1880-473B-B90E-3E0791DDEFC8}.Debug|Any CPU.ActiveCfg = Debug|Any CPU
		{A6E3EC7D-1880-473B-B90E-3E0791DDEFC8}.Debug|Any CPU.Build.0 = Debug|Any CPU
		{A6E3EC7D-1880-473B-B90E-3E0791DDEFC8}.Release|Any CPU.ActiveCfg = Release|Any CPU
		{A6E3EC7D-1880-473B-B90E-3E0791DDEFC8}.Release|Any CPU.Build.0 = Release|Any CPU
		{BF025BB8-F476-4DCB-A256-0FD823DDCD28}.Debug|Any CPU.ActiveCfg = Debug|Any CPU
		{BF025BB8-F476-4DCB-A256-0FD823DDCD28}.Debug|Any CPU.Build.0 = Debug|Any CPU
		{BF025BB8-F476-4DCB-A256-0FD823DDCD28}.Release|Any CPU.ActiveCfg = Release|Any CPU
		{BF025BB8-F476-4DCB-A256-0FD823DDCD28}.Release|Any CPU.Build.0 = Release|Any CPU
	EndGlobalSection
	GlobalSection(SolutionProperties) = preSolution
		HideSolutionNode = FALSE
	EndGlobalSection
	GlobalSection(ExtensibilityGlobals) = postSolution
		SolutionGuid = {9FA07DC4-5DBD-47FE-B874-AC65B7BFBA9E}
	EndGlobalSection
EndGlobal
