
Microsoft Visual Studio Solution File, Format Version 12.00
# Visual Studio Version 16
VisualStudioVersion = 16.0.30907.101
MinimumVisualStudioVersion = 10.0.40219.1
Project("{FAE04EC0-301F-11D3-BF4B-00C04F79EFBC}") = "Blazor_NPOI_Excel", "Blazor_NPOI_Excel\Blazor_NPOI_Excel.csproj", "{65108111-FFAF-4B20-BBC9-EFAA2202C4C5}"
EndProject
Global
	GlobalSection(SolutionConfigurationPlatforms) = preSolution
		Debug|Any CPU = Debug|Any CPU
		Release|Any CPU = Release|Any CPU
	EndGlobalSection
	GlobalSection(ProjectConfigurationPlatforms) = postSolution
		{65108111-FFAF-4B20-BBC9-EFAA2202C4C5}.Debug|Any CPU.ActiveCfg = Debug|Any CPU
		{65108111-FFAF-4B20-BBC9-EFAA2202C4C5}.Debug|Any CPU.Build.0 = Debug|Any CPU
		{65108111-FFAF-4B20-BBC9-EFAA2202C4C5}.Release|Any CPU.ActiveCfg = Release|Any CPU
		{65108111-FFAF-4B20-BBC9-EFAA2202C4C5}.Release|Any CPU.Build.0 = Release|Any CPU
	EndGlobalSection
	GlobalSection(SolutionProperties) = preSolution
		HideSolutionNode = FALSE
	EndGlobalSection
	GlobalSection(ExtensibilityGlobals) = postSolution
		SolutionGuid = {24E087E5-4BCD-4F73-8CC3-5AAA58D90AE1}
	EndGlobalSection
EndGlobal
