
Microsoft Visual Studio Solution File, Format Version 12.00
# Visual Studio Version 16
VisualStudioVersion = 16.0.30907.101
MinimumVisualStudioVersion = 10.0.40219.1
Project("{FAE04EC0-301F-11D3-BF4B-00C04F79EFBC}") = "TinyMCEBlazor.Server", "TinyMCEBlazor\Server\TinyMCEBlazor.Server.csproj", "{49BCA632-D91B-4928-A489-1DC7E073A0E3}"
EndProject
Project("{FAE04EC0-301F-11D3-BF4B-00C04F79EFBC}") = "TinyMCEBlazor.Client", "TinyMCEBlazor\Client\TinyMCEBlazor.Client.csproj", "{73C4449D-7B2E-4D36-89C0-8D961B67DB50}"
EndProject
Project("{FAE04EC0-301F-11D3-BF4B-00C04F79EFBC}") = "TinyMCEBlazor.Shared", "TinyMCEBlazor\Shared\TinyMCEBlazor.Shared.csproj", "{C4080EF1-28BF-4DDA-90DF-598A456A23EC}"
EndProject
Global
	GlobalSection(SolutionConfigurationPlatforms) = preSolution
		Debug|Any CPU = Debug|Any CPU
		Release|Any CPU = Release|Any CPU
	EndGlobalSection
	GlobalSection(ProjectConfigurationPlatforms) = postSolution
		{49BCA632-D91B-4928-A489-1DC7E073A0E3}.Debug|Any CPU.ActiveCfg = Debug|Any CPU
		{49BCA632-D91B-4928-A489-1DC7E073A0E3}.Debug|Any CPU.Build.0 = Debug|Any CPU
		{49BCA632-D91B-4928-A489-1DC7E073A0E3}.Release|Any CPU.ActiveCfg = Release|Any CPU
		{49BCA632-D91B-4928-A489-1DC7E073A0E3}.Release|Any CPU.Build.0 = Release|Any CPU
		{73C4449D-7B2E-4D36-89C0-8D961B67DB50}.Debug|Any CPU.ActiveCfg = Debug|Any CPU
		{73C4449D-7B2E-4D36-89C0-8D961B67DB50}.Debug|Any CPU.Build.0 = Debug|Any CPU
		{73C4449D-7B2E-4D36-89C0-8D961B67DB50}.Release|Any CPU.ActiveCfg = Release|Any CPU
		{73C4449D-7B2E-4D36-89C0-8D961B67DB50}.Release|Any CPU.Build.0 = Release|Any CPU
		{C4080EF1-28BF-4DDA-90DF-598A456A23EC}.Debug|Any CPU.ActiveCfg = Debug|Any CPU
		{C4080EF1-28BF-4DDA-90DF-598A456A23EC}.Debug|Any CPU.Build.0 = Debug|Any CPU
		{C4080EF1-28BF-4DDA-90DF-598A456A23EC}.Release|Any CPU.ActiveCfg = Release|Any CPU
		{C4080EF1-28BF-4DDA-90DF-598A456A23EC}.Release|Any CPU.Build.0 = Release|Any CPU
	EndGlobalSection
	GlobalSection(SolutionProperties) = preSolution
		HideSolutionNode = FALSE
	EndGlobalSection
	GlobalSection(ExtensibilityGlobals) = postSolution
		SolutionGuid = {DB9C871D-73B4-4FEE-9DFE-3CE1056C9A19}
	EndGlobalSection
EndGlobal
