
Microsoft Visual Studio Solution File, Format Version 12.00
# Visual Studio Version 16
VisualStudioVersion = 16.0.30804.86
MinimumVisualStudioVersion = 10.0.40219.1
Project("{FAE04EC0-301F-11D3-BF4B-00C04F79EFBC}") = "BlazorIdentityServer.Client", "BlazorIdentityServer.Client\BlazorIdentityServer.Client.csproj", "{8712AFFD-6E03-4850-8A31-AF94691F2776}"
EndProject
Project("{FAE04EC0-301F-11D3-BF4B-00C04F79EFBC}") = "BlazorIdentityServer.Server", "BlazorIdentityServer.Server\BlazorIdentityServer.Server.csproj", "{21AF82E9-82CB-494D-92A8-890B7F9FCA85}"
EndProject
Global
	GlobalSection(SolutionConfigurationPlatforms) = preSolution
		Debug|Any CPU = Debug|Any CPU
		Release|Any CPU = Release|Any CPU
	EndGlobalSection
	GlobalSection(ProjectConfigurationPlatforms) = postSolution
		{8712AFFD-6E03-4850-8A31-AF94691F2776}.Debug|Any CPU.ActiveCfg = Debug|Any CPU
		{8712AFFD-6E03-4850-8A31-AF94691F2776}.Debug|Any CPU.Build.0 = Debug|Any CPU
		{8712AFFD-6E03-4850-8A31-AF94691F2776}.Release|Any CPU.ActiveCfg = Release|Any CPU
		{8712AFFD-6E03-4850-8A31-AF94691F2776}.Release|Any CPU.Build.0 = Release|Any CPU
		{21AF82E9-82CB-494D-92A8-890B7F9FCA85}.Debug|Any CPU.ActiveCfg = Debug|Any CPU
		{21AF82E9-82CB-494D-92A8-890B7F9FCA85}.Debug|Any CPU.Build.0 = Debug|Any CPU
		{21AF82E9-82CB-494D-92A8-890B7F9FCA85}.Release|Any CPU.ActiveCfg = Release|Any CPU
		{21AF82E9-82CB-494D-92A8-890B7F9FCA85}.Release|Any CPU.Build.0 = Release|Any CPU
	EndGlobalSection
	GlobalSection(SolutionProperties) = preSolution
		HideSolutionNode = FALSE
	EndGlobalSection
	GlobalSection(ExtensibilityGlobals) = postSolution
		SolutionGuid = {4092B1BB-6289-4954-AD48-F6BA9F9DA8F8}
	EndGlobalSection
EndGlobal
